// !$*UTF8*$!
{
	archiveVersion = 1;
	classes = {
	};
	objectVersion = 48;
	objects = {

/* Begin PBXBuildFile section */
		21EC17082048840F00CDEA54 /* AppDelegate.m in Sources */ = {isa = PBXBuildFile; fileRef = 21EC17072048840F00CDEA54 /* AppDelegate.m */; };
		21EC170B2048840F00CDEA54 /* TagsViewController.m in Sources */ = {isa = PBXBuildFile; fileRef = 21EC170A2048840F00CDEA54 /* TagsViewController.m */; };
		21EC170E2048840F00CDEA54 /* Main.storyboard in Resources */ = {isa = PBXBuildFile; fileRef = 21EC170C2048840F00CDEA54 /* Main.storyboard */; };
		21EC17102048840F00CDEA54 /* Assets.xcassets in Resources */ = {isa = PBXBuildFile; fileRef = 21EC170F2048840F00CDEA54 /* Assets.xcassets */; };
		21EC17132048840F00CDEA54 /* LaunchScreen.storyboard in Resources */ = {isa = PBXBuildFile; fileRef = 21EC17112048840F00CDEA54 /* LaunchScreen.storyboard */; };
		21EC17162048840F00CDEA54 /* main.m in Sources */ = {isa = PBXBuildFile; fileRef = 21EC17152048840F00CDEA54 /* main.m */; };
		21EC17202048840F00CDEA54 /* challenge_iosTests.m in Sources */ = {isa = PBXBuildFile; fileRef = 21EC171F2048840F00CDEA54 /* challenge_iosTests.m */; };
		21EC172B2048840F00CDEA54 /* challenge_iosUITests.m in Sources */ = {isa = PBXBuildFile; fileRef = 21EC172A2048840F00CDEA54 /* challenge_iosUITests.m */; };
		21EC173A2048853900CDEA54 /* Model.swift in Sources */ = {isa = PBXBuildFile; fileRef = 21EC17392048853900CDEA54 /* Model.swift */; };
/* End PBXBuildFile section */

/* Begin PBXContainerItemProxy section */
		21EC171C2048840F00CDEA54 /* PBXContainerItemProxy */ = {
			isa = PBXContainerItemProxy;
			containerPortal = 21EC16FB2048840F00CDEA54 /* Project object */;
			proxyType = 1;
			remoteGlobalIDString = 21EC17022048840F00CDEA54;
			remoteInfo = "challenge-ios";
		};
		21EC17272048840F00CDEA54 /* PBXContainerItemProxy */ = {
			isa = PBXContainerItemProxy;
			containerPortal = 21EC16FB2048840F00CDEA54 /* Project object */;
			proxyType = 1;
			remoteGlobalIDString = 21EC17022048840F00CDEA54;
			remoteInfo = "challenge-ios";
		};
/* End PBXContainerItemProxy section */

/* Begin PBXFileReference section */
		21EC17032048840F00CDEA54 /* challenge-ios.app */ = {isa = PBXFileReference; explicitFileType = wrapper.application; includeInIndex = 0; path = "challenge-ios.app"; sourceTree = BUILT_PRODUCTS_DIR; };
		21EC17062048840F00CDEA54 /* AppDelegate.h */ = {isa = PBXFileReference; lastKnownFileType = sourcecode.c.h; path = AppDelegate.h; sourceTree = "<group>"; };
		21EC17072048840F00CDEA54 /* AppDelegate.m */ = {isa = PBXFileReference; lastKnownFileType = sourcecode.c.objc; path = AppDelegate.m; sourceTree = "<group>"; };
		21EC17092048840F00CDEA54 /* TagsViewController.h */ = {isa = PBXFileReference; lastKnownFileType = sourcecode.c.h; path = TagsViewController.h; sourceTree = "<group>"; };
		21EC170A2048840F00CDEA54 /* TagsViewController.m */ = {isa = PBXFileReference; lastKnownFileType = sourcecode.c.objc; path = TagsViewController.m; sourceTree = "<group>"; };
		21EC170D2048840F00CDEA54 /* Base */ = {isa = PBXFileReference; lastKnownFileType = file.storyboard; name = Base; path = Base.lproj/Main.storyboard; sourceTree = "<group>"; };
		21EC170F2048840F00CDEA54 /* Assets.xcassets */ = {isa = PBXFileReference; lastKnownFileType = folder.assetcatalog; path = Assets.xcassets; sourceTree = "<group>"; };
		21EC17122048840F00CDEA54 /* Base */ = {isa = PBXFileReference; lastKnownFileType = file.storyboard; name = Base; path = Base.lproj/LaunchScreen.storyboard; sourceTree = "<group>"; };
		21EC17142048840F00CDEA54 /* Info.plist */ = {isa = PBXFileReference; lastKnownFileType = text.plist.xml; path = Info.plist; sourceTree = "<group>"; };
		21EC17152048840F00CDEA54 /* main.m */ = {isa = PBXFileReference; lastKnownFileType = sourcecode.c.objc; path = main.m; sourceTree = "<group>"; };
		21EC171B2048840F00CDEA54 /* challenge-iosTests.xctest */ = {isa = PBXFileReference; explicitFileType = wrapper.cfbundle; includeInIndex = 0; path = "challenge-iosTests.xctest"; sourceTree = BUILT_PRODUCTS_DIR; };
		21EC171F2048840F00CDEA54 /* challenge_iosTests.m */ = {isa = PBXFileReference; lastKnownFileType = sourcecode.c.objc; path = challenge_iosTests.m; sourceTree = "<group>"; };
		21EC17212048840F00CDEA54 /* Info.plist */ = {isa = PBXFileReference; lastKnownFileType = text.plist.xml; path = Info.plist; sourceTree = "<group>"; };
		21EC17262048840F00CDEA54 /* challenge-iosUITests.xctest */ = {isa = PBXFileReference; explicitFileType = wrapper.cfbundle; includeInIndex = 0; path = "challenge-iosUITests.xctest"; sourceTree = BUILT_PRODUCTS_DIR; };
		21EC172A2048840F00CDEA54 /* challenge_iosUITests.m */ = {isa = PBXFileReference; lastKnownFileType = sourcecode.c.objc; path = challenge_iosUITests.m; sourceTree = "<group>"; };
		21EC172C2048840F00CDEA54 /* Info.plist */ = {isa = PBXFileReference; lastKnownFileType = text.plist.xml; path = Info.plist; sourceTree = "<group>"; };
		21EC17382048853800CDEA54 /* challenge-ios-Bridging-Header.h */ = {isa = PBXFileReference; lastKnownFileType = sourcecode.c.h; path = "challenge-ios-Bridging-Header.h"; sourceTree = "<group>"; };
		21EC17392048853900CDEA54 /* Model.swift */ = {isa = PBXFileReference; lastKnownFileType = sourcecode.swift; path = Model.swift; sourceTree = "<group>"; };
/* End PBXFileReference section */

/* Begin PBXFrameworksBuildPhase section */
		21EC17002048840F00CDEA54 /* Frameworks */ = {
			isa = PBXFrameworksBuildPhase;
			buildActionMask = 2147483647;
			files = (
			);
			runOnlyForDeploymentPostprocessing = 0;
		};
		21EC17182048840F00CDEA54 /* Frameworks */ = {
			isa = PBXFrameworksBuildPhase;
			buildActionMask = 2147483647;
			files = (
			);
			runOnlyForDeploymentPostprocessing = 0;
		};
		21EC17232048840F00CDEA54 /* Frameworks */ = {
			isa = PBXFrameworksBuildPhase;
			buildActionMask = 2147483647;
			files = (
			);
			runOnlyForDeploymentPostprocessing = 0;
		};
/* End PBXFrameworksBuildPhase section */

/* Begin PBXGroup section */
		21EC16FA2048840F00CDEA54 = {
			isa = PBXGroup;
			children = (
				21EC17052048840F00CDEA54 /* challenge-ios */,
				21EC171E2048840F00CDEA54 /* challenge-iosTests */,
				21EC17292048840F00CDEA54 /* challenge-iosUITests */,
				21EC17042048840F00CDEA54 /* Products */,
			);
			sourceTree = "<group>";
		};
		21EC17042048840F00CDEA54 /* Products */ = {
			isa = PBXGroup;
			children = (
				21EC17032048840F00CDEA54 /* challenge-ios.app */,
				21EC171B2048840F00CDEA54 /* challenge-iosTests.xctest */,
				21EC17262048840F00CDEA54 /* challenge-iosUITests.xctest */,
			);
			name = Products;
			sourceTree = "<group>";
		};
		21EC17052048840F00CDEA54 /* challenge-ios */ = {
			isa = PBXGroup;
			children = (
				21EC17062048840F00CDEA54 /* AppDelegate.h */,
				21EC17072048840F00CDEA54 /* AppDelegate.m */,
				21EC17092048840F00CDEA54 /* TagsViewController.h */,
				21EC170A2048840F00CDEA54 /* TagsViewController.m */,
				21EC17392048853900CDEA54 /* Model.swift */,
				21EC170C2048840F00CDEA54 /* Main.storyboard */,
				21EC170F2048840F00CDEA54 /* Assets.xcassets */,
				21EC17112048840F00CDEA54 /* LaunchScreen.storyboard */,
				21EC17142048840F00CDEA54 /* Info.plist */,
				21EC17152048840F00CDEA54 /* main.m */,
				21EC17382048853800CDEA54 /* challenge-ios-Bridging-Header.h */,
			);
			path = "challenge-ios";
			sourceTree = "<group>";
		};
		21EC171E2048840F00CDEA54 /* challenge-iosTests */ = {
			isa = PBXGroup;
			children = (
				21EC171F2048840F00CDEA54 /* challenge_iosTests.m */,
				21EC17212048840F00CDEA54 /* Info.plist */,
			);
			path = "challenge-iosTests";
			sourceTree = "<group>";
		};
		21EC17292048840F00CDEA54 /* challenge-iosUITests */ = {
			isa = PBXGroup;
			children = (
				21EC172A2048840F00CDEA54 /* challenge_iosUITests.m */,
				21EC172C2048840F00CDEA54 /* Info.plist */,
			);
			path = "challenge-iosUITests";
			sourceTree = "<group>";
		};
/* End PBXGroup section */

/* Begin PBXNativeTarget section */
		21EC17022048840F00CDEA54 /* challenge-ios */ = {
			isa = PBXNativeTarget;
			buildConfigurationList = 21EC172F2048840F00CDEA54 /* Build configuration list for PBXNativeTarget "challenge-ios" */;
			buildPhases = (
				21EC16FF2048840F00CDEA54 /* Sources */,
				21EC17002048840F00CDEA54 /* Frameworks */,
				21EC17012048840F00CDEA54 /* Resources */,
			);
			buildRules = (
			);
			dependencies = (
			);
			name = "challenge-ios";
			productName = "challenge-ios";
			productReference = 21EC17032048840F00CDEA54 /* challenge-ios.app */;
			productType = "com.apple.product-type.application";
		};
		21EC171A2048840F00CDEA54 /* challenge-iosTests */ = {
			isa = PBXNativeTarget;
			buildConfigurationList = 21EC17322048840F00CDEA54 /* Build configuration list for PBXNativeTarget "challenge-iosTests" */;
			buildPhases = (
				21EC17172048840F00CDEA54 /* Sources */,
				21EC17182048840F00CDEA54 /* Frameworks */,
				21EC17192048840F00CDEA54 /* Resources */,
			);
			buildRules = (
			);
			dependencies = (
				21EC171D2048840F00CDEA54 /* PBXTargetDependency */,
			);
			name = "challenge-iosTests";
			productName = "challenge-iosTests";
			productReference = 21EC171B2048840F00CDEA54 /* challenge-iosTests.xctest */;
			productType = "com.apple.product-type.bundle.unit-test";
		};
		21EC17252048840F00CDEA54 /* challenge-iosUITests */ = {
			isa = PBXNativeTarget;
			buildConfigurationList = 21EC17352048840F00CDEA54 /* Build configuration list for PBXNativeTarget "challenge-iosUITests" */;
			buildPhases = (
				21EC17222048840F00CDEA54 /* Sources */,
				21EC17232048840F00CDEA54 /* Frameworks */,
				21EC17242048840F00CDEA54 /* Resources */,
			);
			buildRules = (
			);
			dependencies = (
				21EC17282048840F00CDEA54 /* PBXTargetDependency */,
			);
			name = "challenge-iosUITests";
			productName = "challenge-iosUITests";
			productReference = 21EC17262048840F00CDEA54 /* challenge-iosUITests.xctest */;
			productType = "com.apple.product-type.bundle.ui-testing";
		};
/* End PBXNativeTarget section */

/* Begin PBXProject section */
		21EC16FB2048840F00CDEA54 /* Project object */ = {
			isa = PBXProject;
			attributes = {
				LastUpgradeCheck = 0920;
				ORGANIZATIONNAME = Techk;
				TargetAttributes = {
					21EC17022048840F00CDEA54 = {
						CreatedOnToolsVersion = 9.2;
						LastSwiftMigration = 0920;
						ProvisioningStyle = Automatic;
					};
					21EC171A2048840F00CDEA54 = {
						CreatedOnToolsVersion = 9.2;
						ProvisioningStyle = Automatic;
						TestTargetID = 21EC17022048840F00CDEA54;
					};
					21EC17252048840F00CDEA54 = {
						CreatedOnToolsVersion = 9.2;
						ProvisioningStyle = Automatic;
						TestTargetID = 21EC17022048840F00CDEA54;
					};
				};
			};
			buildConfigurationList = 21EC16FE2048840F00CDEA54 /* Build configuration list for PBXProject "challenge-ios" */;
			compatibilityVersion = "Xcode 8.0";
			developmentRegion = en;
			hasScannedForEncodings = 0;
			knownRegions = (
				en,
				Base,
			);
			mainGroup = 21EC16FA2048840F00CDEA54;
			productRefGroup = 21EC17042048840F00CDEA54 /* Products */;
			projectDirPath = "";
			projectRoot = "";
			targets = (
				21EC17022048840F00CDEA54 /* challenge-ios */,
				21EC171A2048840F00CDEA54 /* challenge-iosTests */,
				21EC17252048840F00CDEA54 /* challenge-iosUITests */,
			);
		};
/* End PBXProject section */

/* Begin PBXResourcesBuildPhase section */
		21EC17012048840F00CDEA54 /* Resources */ = {
			isa = PBXResourcesBuildPhase;
			buildActionMask = 2147483647;
			files = (
				21EC17132048840F00CDEA54 /* LaunchScreen.storyboard in Resources */,
				21EC17102048840F00CDEA54 /* Assets.xcassets in Resources */,
				21EC170E2048840F00CDEA54 /* Main.storyboard in Resources */,
			);
			runOnlyForDeploymentPostprocessing = 0;
		};
		21EC17192048840F00CDEA54 /* Resources */ = {
			isa = PBXResourcesBuildPhase;
			buildActionMask = 2147483647;
			files = (
			);
			runOnlyForDeploymentPostprocessing = 0;
		};
		21EC17242048840F00CDEA54 /* Resources */ = {
			isa = PBXResourcesBuildPhase;
			buildActionMask = 2147483647;
			files = (
			);
			runOnlyForDeploymentPostprocessing = 0;
		};
/* End PBXResourcesBuildPhase section */

/* Begin PBXSourcesBuildPhase section */
		21EC16FF2048840F00CDEA54 /* Sources */ = {
			isa = PBXSourcesBuildPhase;
			buildActionMask = 2147483647;
			files = (
				21EC170B2048840F00CDEA54 /* TagsViewController.m in Sources */,
				21EC17162048840F00CDEA54 /* main.m in Sources */,
				21EC17082048840F00CDEA54 /* AppDelegate.m in Sources */,
				21EC173A2048853900CDEA54 /* Model.swift in Sources */,
			);
			runOnlyForDeploymentPostprocessing = 0;
		};
		21EC17172048840F00CDEA54 /* Sources */ = {
			isa = PBXSourcesBuildPhase;
			buildActionMask = 2147483647;
			files = (
				21EC17202048840F00CDEA54 /* challenge_iosTests.m in Sources */,
			);
			runOnlyForDeploymentPostprocessing = 0;
		};
		21EC17222048840F00CDEA54 /* Sources */ = {
			isa = PBXSourcesBuildPhase;
			buildActionMask = 2147483647;
			files = (
				21EC172B2048840F00CDEA54 /* challenge_iosUITests.m in Sources */,
			);
			runOnlyForDeploymentPostprocessing = 0;
		};
/* End PBXSourcesBuildPhase section */

/* Begin PBXTargetDependency section */
		21EC171D2048840F00CDEA54 /* PBXTargetDependency */ = {
			isa = PBXTargetDependency;
			target = 21EC17022048840F00CDEA54 /* challenge-ios */;
			targetProxy = 21EC171C2048840F00CDEA54 /* PBXContainerItemProxy */;
		};
		21EC17282048840F00CDEA54 /* PBXTargetDependency */ = {
			isa = PBXTargetDependency;
			target = 21EC17022048840F00CDEA54 /* challenge-ios */;
			targetProxy = 21EC17272048840F00CDEA54 /* PBXContainerItemProxy */;
		};
/* End PBXTargetDependency section */

/* Begin PBXVariantGroup section */
		21EC170C2048840F00CDEA54 /* Main.storyboard */ = {
			isa = PBXVariantGroup;
			children = (
				21EC170D2048840F00CDEA54 /* Base */,
			);
			name = Main.storyboard;
			sourceTree = "<group>";
		};
		21EC17112048840F00CDEA54 /* LaunchScreen.storyboard */ = {
			isa = PBXVariantGroup;
			children = (
				21EC17122048840F00CDEA54 /* Base */,
			);
			name = LaunchScreen.storyboard;
			sourceTree = "<group>";
		};
/* End PBXVariantGroup section */

/* Begin XCBuildConfiguration section */
		21EC172D2048840F00CDEA54 /* Debug */ = {
			isa = XCBuildConfiguration;
			buildSettings = {
				ALWAYS_SEARCH_USER_PATHS = NO;
				CLANG_ANALYZER_NONNULL = YES;
				CLANG_ANALYZER_NUMBER_OBJECT_CONVERSION = YES_AGGRESSIVE;
				CLANG_CXX_LANGUAGE_STANDARD = "gnu++14";
				CLANG_CXX_LIBRARY = "libc++";
				CLANG_ENABLE_MODULES = YES;
				CLANG_ENABLE_OBJC_ARC = YES;
				CLANG_WARN_BLOCK_CAPTURE_AUTORELEASING = YES;
				CLANG_WARN_BOOL_CONVERSION = YES;
				CLANG_WARN_COMMA = YES;
				CLANG_WARN_CONSTANT_CONVERSION = YES;
				CLANG_WARN_DIRECT_OBJC_ISA_USAGE = YES_ERROR;
				CLANG_WARN_DOCUMENTATION_COMMENTS = YES;
				CLANG_WARN_EMPTY_BODY = YES;
				CLANG_WARN_ENUM_CONVERSION = YES;
				CLANG_WARN_INFINITE_RECURSION = YES;
				CLANG_WARN_INT_CONVERSION = YES;
				CLANG_WARN_NON_LITERAL_NULL_CONVERSION = YES;
				CLANG_WARN_OBJC_LITERAL_CONVERSION = YES;
				CLANG_WARN_OBJC_ROOT_CLASS = YES_ERROR;
				CLANG_WARN_RANGE_LOOP_ANALYSIS = YES;
				CLANG_WARN_STRICT_PROTOTYPES = YES;
				CLANG_WARN_SUSPICIOUS_MOVE = YES;
				CLANG_WARN_UNGUARDED_AVAILABILITY = YES_AGGRESSIVE;
				CLANG_WARN_UNREACHABLE_CODE = YES;
				CLANG_WARN__DUPLICATE_METHOD_MATCH = YES;
				CODE_SIGN_IDENTITY = "iPhone Developer";
				COPY_PHASE_STRIP = NO;
				DEBUG_INFORMATION_FORMAT = dwarf;
				ENABLE_STRICT_OBJC_MSGSEND = YES;
				ENABLE_TESTABILITY = YES;
				GCC_C_LANGUAGE_STANDARD = gnu11;
				GCC_DYNAMIC_NO_PIC = NO;
				GCC_NO_COMMON_BLOCKS = YES;
				GCC_OPTIMIZATION_LEVEL = 0;
				GCC_PREPROCESSOR_DEFINITIONS = (
					"DEBUG=1",
					"$(inherited)",
				);
				GCC_WARN_64_TO_32_BIT_CONVERSION = YES;
				GCC_WARN_ABOUT_RETURN_TYPE = YES_ERROR;
				GCC_WARN_UNDECLARED_SELECTOR = YES;
				GCC_WARN_UNINITIALIZED_AUTOS = YES_AGGRESSIVE;
				GCC_WARN_UNUSED_FUNCTION = YES;
				GCC_WARN_UNUSED_VARIABLE = YES;
				IPHONEOS_DEPLOYMENT_TARGET = 11.2;
				MTL_ENABLE_DEBUG_INFO = YES;
				ONLY_ACTIVE_ARCH = YES;
				SDKROOT = iphoneos;
			};
			name = Debug;
		};
		21EC172E2048840F00CDEA54 /* Release */ = {
			isa = XCBuildConfiguration;
			buildSettings = {
				ALWAYS_SEARCH_USER_PATHS = NO;
				CLANG_ANALYZER_NONNULL = YES;
				CLANG_ANALYZER_NUMBER_OBJECT_CONVERSION = YES_AGGRESSIVE;
				CLANG_CXX_LANGUAGE_STANDARD = "gnu++14";
				CLANG_CXX_LIBRARY = "libc++";
				CLANG_ENABLE_MODULES = YES;
				CLANG_ENABLE_OBJC_ARC = YES;
				CLANG_WARN_BLOCK_CAPTURE_AUTORELEASING = YES;
				CLANG_WARN_BOOL_CONVERSION = YES;
				CLANG_WARN_COMMA = YES;
				CLANG_WARN_CONSTANT_CONVERSION = YES;
				CLANG_WARN_DIRECT_OBJC_ISA_USAGE = YES_ERROR;
				CLANG_WARN_DOCUMENTATION_COMMENTS = YES;
				CLANG_WARN_EMPTY_BODY = YES;
				CLANG_WARN_ENUM_CONVERSION = YES;
				CLANG_WARN_INFINITE_RECURSION = YES;
				CLANG_WARN_INT_CONVERSION = YES;
				CLANG_WARN_NON_LITERAL_NULL_CONVERSION = YES;
				CLANG_WARN_OBJC_LITERAL_CONVERSION = YES;
				CLANG_WARN_OBJC_ROOT_CLASS = YES_ERROR;
				CLANG_WARN_RANGE_LOOP_ANALYSIS = YES;
				CLANG_WARN_STRICT_PROTOTYPES = YES;
				CLANG_WARN_SUSPICIOUS_MOVE = YES;
				CLANG_WARN_UNGUARDED_AVAILABILITY = YES_AGGRESSIVE;
				CLANG_WARN_UNREACHABLE_CODE = YES;
				CLANG_WARN__DUPLICATE_METHOD_MATCH = YES;
				CODE_SIGN_IDENTITY = "iPhone Developer";
				COPY_PHASE_STRIP = NO;
				DEBUG_INFORMATION_FORMAT = "dwarf-with-dsym";
				ENABLE_NS_ASSERTIONS = NO;
				ENABLE_STRICT_OBJC_MSGSEND = YES;
				GCC_C_LANGUAGE_STANDARD = gnu11;
				GCC_NO_COMMON_BLOCKS = YES;
				GCC_WARN_64_TO_32_BIT_CONVERSION = YES;
				GCC_WARN_ABOUT_RETURN_TYPE = YES_ERROR;
				GCC_WARN_UNDECLARED_SELECTOR = YES;
				GCC_WARN_UNINITIALIZED_AUTOS = YES_AGGRESSIVE;
				GCC_WARN_UNUSED_FUNCTION = YES;
				GCC_WARN_UNUSED_VARIABLE = YES;
				IPHONEOS_DEPLOYMENT_TARGET = 11.2;
				MTL_ENABLE_DEBUG_INFO = NO;
				SDKROOT = iphoneos;
				VALIDATE_PRODUCT = YES;
			};
			name = Release;
		};
		21EC17302048840F00CDEA54 /* Debug */ = {
			isa = XCBuildConfiguration;
			buildSettings = {
				ASSETCATALOG_COMPILER_APPICON_NAME = AppIcon;
				CLANG_ENABLE_MODULES = YES;
				CODE_SIGN_STYLE = Automatic;
				DEVELOPMENT_TEAM = A94EY677KC;
				INFOPLIST_FILE = "challenge-ios/Info.plist";
				LD_RUNPATH_SEARCH_PATHS = "$(inherited) @executable_path/Frameworks";
				PRODUCT_BUNDLE_IDENTIFIER = "com.ISVExample.challenge-ios";
				PRODUCT_NAME = "$(TARGET_NAME)";
				SWIFT_OBJC_BRIDGING_HEADER = "challenge-ios/challenge-ios-Bridging-Header.h";
				SWIFT_OPTIMIZATION_LEVEL = "-Onone";
				SWIFT_VERSION = 3.0;
				TARGETED_DEVICE_FAMILY = "1,2";
			};
			name = Debug;
		};
		21EC17312048840F00CDEA54 /* Release */ = {
			isa = XCBuildConfiguration;
			buildSettings = {
				ASSETCATALOG_COMPILER_APPICON_NAME = AppIcon;
				CLANG_ENABLE_MODULES = YES;
				CODE_SIGN_STYLE = Automatic;
				DEVELOPMENT_TEAM = A94EY677KC;
				INFOPLIST_FILE = "challenge-ios/Info.plist";
				LD_RUNPATH_SEARCH_PATHS = "$(inherited) @executable_path/Frameworks";
				PRODUCT_BUNDLE_IDENTIFIER = "com.ISVExample.challenge-ios";
				PRODUCT_NAME = "$(TARGET_NAME)";
				SWIFT_OBJC_BRIDGING_HEADER = "challenge-ios/challenge-ios-Bridging-Header.h";
				SWIFT_VERSION = 3.0;
				TARGETED_DEVICE_FAMILY = "1,2";
			};
			name = Release;
		};
		21EC17332048840F00CDEA54 /* Debug */ = {
			isa = XCBuildConfiguration;
			buildSettings = {
				ALWAYS_EMBED_SWIFT_STANDARD_LIBRARIES = YES;
				BUNDLE_LOADER = "$(TEST_HOST)";
				CODE_SIGN_STYLE = Automatic;
				DEVELOPMENT_TEAM = A94EY677KC;
				INFOPLIST_FILE = "challenge-iosTests/Info.plist";
				LD_RUNPATH_SEARCH_PATHS = "$(inherited) @executable_path/Frameworks @loader_path/Frameworks";
				PRODUCT_BUNDLE_IDENTIFIER = "com.ISVExample.challenge-iosTests";
				PRODUCT_NAME = "$(TARGET_NAME)";
				TARGETED_DEVICE_FAMILY = "1,2";
				TEST_HOST = "$(BUILT_PRODUCTS_DIR)/challenge-ios.app/challenge-ios";
			};
			name = Debug;
		};
		21EC17342048840F00CDEA54 /* Release */ = {
			isa = XCBuildConfiguration;
			buildSettings = {
				ALWAYS_EMBED_SWIFT_STANDARD_LIBRARIES = YES;
				BUNDLE_LOADER = "$(TEST_HOST)";
				CODE_SIGN_STYLE = Automatic;
				DEVELOPMENT_TEAM = A94EY677KC;
				INFOPLIST_FILE = "challenge-iosTests/Info.plist";
				LD_RUNPATH_SEARCH_PATHS = "$(inherited) @executable_path/Frameworks @loader_path/Frameworks";
				PRODUCT_BUNDLE_IDENTIFIER = "com.ISVExample.challenge-iosTests";
				PRODUCT_NAME = "$(TARGET_NAME)";
				TARGETED_DEVICE_FAMILY = "1,2";
				TEST_HOST = "$(BUILT_PRODUCTS_DIR)/challenge-ios.app/challenge-ios";
			};
			name = Release;
		};
		21EC17362048840F00CDEA54 /* Debug */ = {
			isa = XCBuildConfiguration;
			buildSettings = {
				ALWAYS_EMBED_SWIFT_STANDARD_LIBRARIES = YES;
				CODE_SIGN_STYLE = Automatic;
				DEVELOPMENT_TEAM = A94EY677KC;
				INFOPLIST_FILE = "challenge-iosUITests/Info.plist";
				LD_RUNPATH_SEARCH_PATHS = "$(inherited) @executable_path/Frameworks @loader_path/Frameworks";
				PRODUCT_BUNDLE_IDENTIFIER = "com.ISVExample.challenge-iosUITests";
				PRODUCT_NAME = "$(TARGET_NAME)";
				TARGETED_DEVICE_FAMILY = "1,2";
				TEST_TARGET_NAME = "challenge-ios";
			};
			name = Debug;
		};
		21EC17372048840F00CDEA54 /* Release */ = {
			isa = XCBuildConfiguration;
			buildSettings = {
				ALWAYS_EMBED_SWIFT_STANDARD_LIBRARIES = YES;
				CODE_SIGN_STYLE = Automatic;
				DEVELOPMENT_TEAM = A94EY677KC;
				INFOPLIST_FILE = "challenge-iosUITests/Info.plist";
				LD_RUNPATH_SEARCH_PATHS = "$(inherited) @executable_path/Frameworks @loader_path/Frameworks";
				PRODUCT_BUNDLE_IDENTIFIER = "com.ISVExample.challenge-iosUITests";
				PRODUCT_NAME = "$(TARGET_NAME)";
				TARGETED_DEVICE_FAMILY = "1,2";
				TEST_TARGET_NAME = "challenge-ios";
			};
			name = Release;
		};
/* End XCBuildConfiguration section */

/* Begin XCConfigurationList section */
		21EC16FE2048840F00CDEA54 /* Build configuration list for PBXProject "challenge-ios" */ = {
			isa = XCConfigurationList;
			buildConfigurations = (
				21EC172D2048840F00CDEA54 /* Debug */,
				21EC172E2048840F00CDEA54 /* Release */,
			);
			defaultConfigurationIsVisible = 0;
			defaultConfigurationName = Release;
		};
		21EC172F2048840F00CDEA54 /* Build configuration list for PBXNativeTarget "challenge-ios" */ = {
			isa = XCConfigurationList;
			buildConfigurations = (
				21EC17302048840F00CDEA54 /* Debug */,
				21EC17312048840F00CDEA54 /* Release */,
			);
			defaultConfigurationIsVisible = 0;
			defaultConfigurationName = Release;
		};
		21EC17322048840F00CDEA54 /* Build configuration list for PBXNativeTarget "challenge-iosTests" */ = {
			isa = XCConfigurationList;
			buildConfigurations = (
				21EC17332048840F00CDEA54 /* Debug */,
				21EC17342048840F00CDEA54 /* Release */,
			);
			defaultConfigurationIsVisible = 0;
			defaultConfigurationName = Release;
		};
		21EC17352048840F00CDEA54 /* Build configuration list for PBXNativeTarget "challenge-iosUITests" */ = {
			isa = XCConfigurationList;
			buildConfigurations = (
				21EC17362048840F00CDEA54 /* Debug */,
				21EC17372048840F00CDEA54 /* Release */,
			);
			defaultConfigurationIsVisible = 0;
			defaultConfigurationName = Release;
		};
/* End XCConfigurationList section */
	};
	rootObject = 21EC16FB2048840F00CDEA54 /* Project object */;
}
